
Microsoft Visual Studio Solution File, Format Version 12.00
# Visual Studio Version 16
VisualStudioVersion = 16.0.31624.102
MinimumVisualStudioVersion = 10.0.40219.1
Project("{9A19103F-16F7-4668-BE54-9A1E7A4F7556}") = "WorklioAssessment", "WorklioAssessment\WorklioAssessment.csproj", "{4985C0A9-7012-4F83-B6E5-D63A2B3E3CB3}"
EndProject
Global
	GlobalSection(SolutionConfigurationPlatforms) = preSolution
		Debug|Any CPU = Debug|Any CPU
		Release|Any CPU = Release|Any CPU
	EndGlobalSection
	GlobalSection(ProjectConfigurationPlatforms) = postSolution
		{4985C0A9-7012-4F83-B6E5-D63A2B3E3CB3}.Debug|Any CPU.ActiveCfg = Debug|Any CPU
		{4985C0A9-7012-4F83-B6E5-D63A2B3E3CB3}.Debug|Any CPU.Build.0 = Debug|Any CPU
		{4985C0A9-7012-4F83-B6E5-D63A2B3E3CB3}.Release|Any CPU.ActiveCfg = Release|Any CPU
		{4985C0A9-7012-4F83-B6E5-D63A2B3E3CB3}.Release|Any CPU.Build.0 = Release|Any CPU
	EndGlobalSection
	GlobalSection(SolutionProperties) = preSolution
		HideSolutionNode = FALSE
	EndGlobalSection
	GlobalSection(ExtensibilityGlobals) = postSolution
		SolutionGuid = {B96FE649-A468-457E-AA86-FE46577112B4}
	EndGlobalSection
EndGlobal
